PODS:
  - Nodelike (0.1.0)

DEPENDENCIES:
  - Nodelike (from `https://github.com/node-app/Nodelike.git`, commit `19a27c2e0901895541baf9875f2f0a254759b3a7`)

EXTERNAL SOURCES:
  Nodelike:
    :commit: 19a27c2e0901895541baf9875f2f0a254759b3a7
    :git: https://github.com/node-app/Nodelike.git
    :submodules: true

SPEC CHECKSUMS:
  Nodelike: 1b3600e474d1b6a283d9abdff45012ee9e6687f1

COCOAPODS: 0.29.0
